// !$*UTF8*$!
{
	archiveVersion = 1;
	classes = {
	};
	objectVersion = 56;
	objects = {

/* Begin PBXBuildFile section */
		789F019B2C698ACE0014E5F4 /* AppDelegate.swift in Sources */ = {isa = PBXBuildFile; fileRef = 789F019A2C698ACE0014E5F4 /* AppDelegate.swift */; };
		789F019D2C698ACE0014E5F4 /* SceneDelegate.swift in Sources */ = {isa = PBXBuildFile; fileRef = 789F019C2C698ACE0014E5F4 /* SceneDelegate.swift */; };
		789F019F2C698ACE0014E5F4 /* ViewController.swift in Sources */ = {isa = PBXBuildFile; fileRef = 789F019E2C698ACE0014E5F4 /* ViewController.swift */; };
		789F01A22C698ACE0014E5F4 /* Base in Resources */ = {isa = PBXBuildFile; fileRef = 789F01A12C698ACE0014E5F4 /* Base */; };
		789F01A42C698ACF0014E5F4 /* Assets.xcassets in Resources */ = {isa = PBXBuildFile; fileRef = 789F01A32C698ACF0014E5F4 /* Assets.xcassets */; };
		789F01A72C698ACF0014E5F4 /* Base in Resources */ = {isa = PBXBuildFile; fileRef = 789F01A62C698ACF0014E5F4 /* Base */; };
		789F01B22C698ACF0014E5F4 /* test7Tests.swift in Sources */ = {isa = PBXBuildFile; fileRef = 789F01B12C698ACF0014E5F4 /* test7Tests.swift */; };
		789F01BC2C698ACF0014E5F4 /* test7UITests.swift in Sources */ = {isa = PBXBuildFile; fileRef = 789F01BB2C698ACF0014E5F4 /* test7UITests.swift */; };
		789F01BE2C698ACF0014E5F4 /* test7UITestsLaunchTests.swift in Sources */ = {isa = PBXBuildFile; fileRef = 789F01BD2C698ACF0014E5F4 /* test7UITestsLaunchTests.swift */; };
/* End PBXBuildFile section */

/* Begin PBXContainerItemProxy section */
		789F01AE2C698ACF0014E5F4 /* PBXContainerItemProxy */ = {
			isa = PBXContainerItemProxy;
			containerPortal = 789F018F2C698ACE0014E5F4 /* Project object */;
			proxyType = 1;
			remoteGlobalIDString = 789F01962C698ACE0014E5F4;
			remoteInfo = test7;
		};
		789F01B82C698ACF0014E5F4 /* PBXContainerItemProxy */ = {
			isa = PBXContainerItemProxy;
			containerPortal = 789F018F2C698ACE0014E5F4 /* Project object */;
			proxyType = 1;
			remoteGlobalIDString = 789F01962C698ACE0014E5F4;
			remoteInfo = test7;
		};
/* End PBXContainerItemProxy section */

/* Begin PBXFileReference section */
		789F01972C698ACE0014E5F4 /* test7.app */ = {isa = PBXFileReference; explicitFileType = wrapper.application; includeInIndex = 0; path = test7.app; sourceTree = BUILT_PRODUCTS_DIR; };
		789F019A2C698ACE0014E5F4 /* AppDelegate.swift */ = {isa = PBXFileReference; lastKnownFileType = sourcecode.swift; path = AppDelegate.swift; sourceTree = "<group>"; };
		789F019C2C698ACE0014E5F4 /* SceneDelegate.swift */ = {isa = PBXFileReference; lastKnownFileType = sourcecode.swift; path = SceneDelegate.swift; sourceTree = "<group>"; };
		789F019E2C698ACE0014E5F4 /* ViewController.swift */ = {isa = PBXFileReference; lastKnownFileType = sourcecode.swift; path = ViewController.swift; sourceTree = "<group>"; };
		789F01A12C698ACE0014E5F4 /* Base */ = {isa = PBXFileReference; lastKnownFileType = file.storyboard; name = Base; path = Base.lproj/Main.storyboard; sourceTree = "<group>"; };
		789F01A32C698ACF0014E5F4 /* Assets.xcassets */ = {isa = PBXFileReference; lastKnownFileType = folder.assetcatalog; path = Assets.xcassets; sourceTree = "<group>"; };
		789F01A62C698ACF0014E5F4 /* Base */ = {isa = PBXFileReference; lastKnownFileType = file.storyboard; name = Base; path = Base.lproj/LaunchScreen.storyboard; sourceTree = "<group>"; };
		789F01A82C698ACF0014E5F4 /* Info.plist */ = {isa = PBXFileReference; lastKnownFileType = text.plist.xml; path = Info.plist; sourceTree = "<group>"; };
		789F01AD2C698ACF0014E5F4 /* test7Tests.xctest */ = {isa = PBXFileReference; explicitFileType = wrapper.cfbundle; includeInIndex = 0; path = test7Tests.xctest; sourceTree = BUILT_PRODUCTS_DIR; };
		789F01B12C698ACF0014E5F4 /* test7Tests.swift */ = {isa = PBXFileReference; lastKnownFileType = sourcecode.swift; path = test7Tests.swift; sourceTree = "<group>"; };
		789F01B72C698ACF0014E5F4 /* test7UITests.xctest */ = {isa = PBXFileReference; explicitFileType = wrapper.cfbundle; includeInIndex = 0; path = test7UITests.xctest; sourceTree = BUILT_PRODUCTS_DIR; };
		789F01BB2C698ACF0014E5F4 /* test7UITests.swift */ = {isa = PBXFileReference; lastKnownFileType = sourcecode.swift; path = test7UITests.swift; sourceTree = "<group>"; };
		789F01BD2C698ACF0014E5F4 /* test7UITestsLaunchTests.swift */ = {isa = PBXFileReference; lastKnownFileType = sourcecode.swift; path = test7UITestsLaunchTests.swift; sourceTree = "<group>"; };
/* End PBXFileReference section */

/* Begin PBXFrameworksBuildPhase section */
		789F01942C698ACE0014E5F4 /* Frameworks */ = {
			isa = PBXFrameworksBuildPhase;
			buildActionMask = 2147483647;
			files = (
			);
			runOnlyForDeploymentPostprocessing = 0;
		};
		789F01AA2C698ACF0014E5F4 /* Frameworks */ = {
			isa = PBXFrameworksBuildPhase;
			buildActionMask = 2147483647;
			files = (
			);
			runOnlyForDeploymentPostprocessing = 0;
		};
		789F01B42C698ACF0014E5F4 /* Frameworks */ = {
			isa = PBXFrameworksBuildPhase;
			buildActionMask = 2147483647;
			files = (
			);
			runOnlyForDeploymentPostprocessing = 0;
		};
/* End PBXFrameworksBuildPhase section */

/* Begin PBXGroup section */
		789F018E2C698ACE0014E5F4 = {
			isa = PBXGroup;
			children = (
				789F01992C698ACE0014E5F4 /* test7 */,
				789F01B02C698ACF0014E5F4 /* test7Tests */,
				789F01BA2C698ACF0014E5F4 /* test7UITests */,
				789F01982C698ACE0014E5F4 /* Products */,
			);
			sourceTree = "<group>";
		};
		789F01982C698ACE0014E5F4 /* Products */ = {
			isa = PBXGroup;
			children = (
				789F01972C698ACE0014E5F4 /* test7.app */,
				789F01AD2C698ACF0014E5F4 /* test7Tests.xctest */,
				789F01B72C698ACF0014E5F4 /* test7UITests.xctest */,
			);
			name = Products;
			sourceTree = "<group>";
		};
		789F01992C698ACE0014E5F4 /* test7 */ = {
			isa = PBXGroup;
			children = (
				789F019A2C698ACE0014E5F4 /* AppDelegate.swift */,
				789F019C2C698ACE0014E5F4 /* SceneDelegate.swift */,
				789F019E2C698ACE0014E5F4 /* ViewController.swift */,
				789F01A02C698ACE0014E5F4 /* Main.storyboard */,
				789F01A32C698ACF0014E5F4 /* Assets.xcassets */,
				789F01A52C698ACF0014E5F4 /* LaunchScreen.storyboard */,
				789F01A82C698ACF0014E5F4 /* Info.plist */,
			);
			path = test7;
			sourceTree = "<group>";
		};
		789F01B02C698ACF0014E5F4 /* test7Tests */ = {
			isa = PBXGroup;
			children = (
				789F01B12C698ACF0014E5F4 /* test7Tests.swift */,
			);
			path = test7Tests;
			sourceTree = "<group>";
		};
		789F01BA2C698ACF0014E5F4 /* test7UITests */ = {
			isa = PBXGroup;
			children = (
				789F01BB2C698ACF0014E5F4 /* test7UITests.swift */,
				789F01BD2C698ACF0014E5F4 /* test7UITestsLaunchTests.swift */,
			);
			path = test7UITests;
			sourceTree = "<group>";
		};
/* End PBXGroup section */

/* Begin PBXNativeTarget section */
		789F01962C698ACE0014E5F4 /* test7 */ = {
			isa = PBXNativeTarget;
			buildConfigurationList = 789F01C12C698ACF0014E5F4 /* Build configuration list for PBXNativeTarget "test7" */;
			buildPhases = (
				789F01932C698ACE0014E5F4 /* Sources */,
				789F01942C698ACE0014E5F4 /* Frameworks */,
				789F01952C698ACE0014E5F4 /* Resources */,
			);
			buildRules = (
			);
			dependencies = (
			);
			name = test7;
			productName = test7;
			productReference = 789F01972C698ACE0014E5F4 /* test7.app */;
			productType = "com.apple.product-type.application";
		};
		789F01AC2C698ACF0014E5F4 /* test7Tests */ = {
			isa = PBXNativeTarget;
			buildConfigurationList = 789F01C42C698ACF0014E5F4 /* Build configuration list for PBXNativeTarget "test7Tests" */;
			buildPhases = (
				789F01A92C698ACF0014E5F4 /* Sources */,
				789F01AA2C698ACF0014E5F4 /* Frameworks */,
				789F01AB2C698ACF0014E5F4 /* Resources */,
			);
			buildRules = (
			);
			dependencies = (
				789F01AF2C698ACF0014E5F4 /* PBXTargetDependency */,
			);
			name = test7Tests;
			productName = test7Tests;
			productReference = 789F01AD2C698ACF0014E5F4 /* test7Tests.xctest */;
			productType = "com.apple.product-type.bundle.unit-test";
		};
		789F01B62C698ACF0014E5F4 /* test7UITests */ = {
			isa = PBXNativeTarget;
			buildConfigurationList = 789F01C72C698ACF0014E5F4 /* Build configuration list for PBXNativeTarget "test7UITests" */;
			buildPhases = (
				789F01B32C698ACF0014E5F4 /* Sources */,
				789F01B42C698ACF0014E5F4 /* Frameworks */,
				789F01B52C698ACF0014E5F4 /* Resources */,
			);
			buildRules = (
			);
			dependencies = (
				789F01B92C698ACF0014E5F4 /* PBXTargetDependency */,
			);
			name = test7UITests;
			productName = test7UITests;
			productReference = 789F01B72C698ACF0014E5F4 /* test7UITests.xctest */;
			productType = "com.apple.product-type.bundle.ui-testing";
		};
/* End PBXNativeTarget section */

/* Begin PBXProject section */
		789F018F2C698ACE0014E5F4 /* Project object */ = {
			isa = PBXProject;
			attributes = {
				BuildIndependentTargetsInParallel = 1;
				LastSwiftUpdateCheck = 1540;
				LastUpgradeCheck = 1540;
				TargetAttributes = {
					789F01962C698ACE0014E5F4 = {
						CreatedOnToolsVersion = 15.4;
					};
					789F01AC2C698ACF0014E5F4 = {
						CreatedOnToolsVersion = 15.4;
						TestTargetID = 789F01962C698ACE0014E5F4;
					};
					789F01B62C698ACF0014E5F4 = {
						CreatedOnToolsVersion = 15.4;
						TestTargetID = 789F01962C698ACE0014E5F4;
					};
				};
			};
			buildConfigurationList = 789F01922C698ACE0014E5F4 /* Build configuration list for PBXProject "test7" */;
			compatibilityVersion = "Xcode 14.0";
			developmentRegion = en;
			hasScannedForEncodings = 0;
			knownRegions = (
				en,
				Base,
			);
			mainGroup = 789F018E2C698ACE0014E5F4;
			productRefGroup = 789F01982C698ACE0014E5F4 /* Products */;
			projectDirPath = "";
			projectRoot = "";
			targets = (
				789F01962C698ACE0014E5F4 /* test7 */,
				789F01AC2C698ACF0014E5F4 /* test7Tests */,
				789F01B62C698ACF0014E5F4 /* test7UITests */,
			);
		};
/* End PBXProject section */

/* Begin PBXResourcesBuildPhase section */
		789F01952C698ACE0014E5F4 /* Resources */ = {
			isa = PBXResourcesBuildPhase;
			buildActionMask = 2147483647;
			files = (
				789F01A42C698ACF0014E5F4 /* Assets.xcassets in Resources */,
				789F01A72C698ACF0014E5F4 /* Base in Resources */,
				789F01A22C698ACE0014E5F4 /* Base in Resources */,
			);
			runOnlyForDeploymentPostprocessing = 0;
		};
		789F01AB2C698ACF0014E5F4 /* Resources */ = {
			isa = PBXResourcesBuildPhase;
			buildActionMask = 2147483647;
			files = (
			);
			runOnlyForDeploymentPostprocessing = 0;
		};
		789F01B52C698ACF0014E5F4 /* Resources */ = {
			isa = PBXResourcesBuildPhase;
			buildActionMask = 2147483647;
			files = (
			);
			runOnlyForDeploymentPostprocessing = 0;
		};
/* End PBXResourcesBuildPhase section */

/* Begin PBXSourcesBuildPhase section */
		789F01932C698ACE0014E5F4 /* Sources */ = {
			isa = PBXSourcesBuildPhase;
			buildActionMask = 2147483647;
			files = (
				789F019F2C698ACE0014E5F4 /* ViewController.swift in Sources */,
				789F019B2C698ACE0014E5F4 /* AppDelegate.swift in Sources */,
				789F019D2C698ACE0014E5F4 /* SceneDelegate.swift in Sources */,
			);
			runOnlyForDeploymentPostprocessing = 0;
		};
		789F01A92C698ACF0014E5F4 /* Sources */ = {
			isa = PBXSourcesBuildPhase;
			buildActionMask = 2147483647;
			files = (
				789F01B22C698ACF0014E5F4 /* test7Tests.swift in Sources */,
			);
			runOnlyForDeploymentPostprocessing = 0;
		};
		789F01B32C698ACF0014E5F4 /* Sources */ = {
			isa = PBXSourcesBuildPhase;
			buildActionMask = 2147483647;
			files = (
				789F01BE2C698ACF0014E5F4 /* test7UITestsLaunchTests.swift in Sources */,
				789F01BC2C698ACF0014E5F4 /* test7UITests.swift in Sources */,
			);
			runOnlyForDeploymentPostprocessing = 0;
		};
/* End PBXSourcesBuildPhase section */

/* Begin PBXTargetDependency section */
		789F01AF2C698ACF0014E5F4 /* PBXTargetDependency */ = {
			isa = PBXTargetDependency;
			target = 789F01962C698ACE0014E5F4 /* test7 */;
			targetProxy = 789F01AE2C698ACF0014E5F4 /* PBXContainerItemProxy */;
		};
		789F01B92C698ACF0014E5F4 /* PBXTargetDependency */ = {
			isa = PBXTargetDependency;
			target = 789F01962C698ACE0014E5F4 /* test7 */;
			targetProxy = 789F01B82C698ACF0014E5F4 /* PBXContainerItemProxy */;
		};
/* End PBXTargetDependency section */

/* Begin PBXVariantGroup section */
		789F01A02C698ACE0014E5F4 /* Main.storyboard */ = {
			isa = PBXVariantGroup;
			children = (
				789F01A12C698ACE0014E5F4 /* Base */,
			);
			name = Main.storyboard;
			sourceTree = "<group>";
		};
		789F01A52C698ACF0014E5F4 /* LaunchScreen.storyboard */ = {
			isa = PBXVariantGroup;
			children = (
				789F01A62C698ACF0014E5F4 /* Base */,
			);
			name = LaunchScreen.storyboard;
			sourceTree = "<group>";
		};
/* End PBXVariantGroup section */

/* Begin XCBuildConfiguration section */
		789F01BF2C698ACF0014E5F4 /* Debug */ = {
			isa = XCBuildConfiguration;
			buildSettings = {
				ALWAYS_SEARCH_USER_PATHS = NO;
				ASSETCATALOG_COMPILER_GENERATE_SWIFT_ASSET_SYMBOL_EXTENSIONS = YES;
				CLANG_ANALYZER_NONNULL = YES;
				CLANG_ANALYZER_NUMBER_OBJECT_CONVERSION = YES_AGGRESSIVE;
				CLANG_CXX_LANGUAGE_STANDARD = "gnu++20";
				CLANG_ENABLE_MODULES = YES;
				CLANG_ENABLE_OBJC_ARC = YES;
				CLANG_ENABLE_OBJC_WEAK = YES;
				CLANG_WARN_BLOCK_CAPTURE_AUTORELEASING = YES;
				CLANG_WARN_BOOL_CONVERSION = YES;
				CLANG_WARN_COMMA = YES;
				CLANG_WARN_CONSTANT_CONVERSION = YES;
				CLANG_WARN_DEPRECATED_OBJC_IMPLEMENTATIONS = YES;
				CLANG_WARN_DIRECT_OBJC_ISA_USAGE = YES_ERROR;
				CLANG_WARN_DOCUMENTATION_COMMENTS = YES;
				CLANG_WARN_EMPTY_BODY = YES;
				CLANG_WARN_ENUM_CONVERSION = YES;
				CLANG_WARN_INFINITE_RECURSION = YES;
				CLANG_WARN_INT_CONVERSION = YES;
				CLANG_WARN_NON_LITERAL_NULL_CONVERSION = YES;
				CLANG_WARN_OBJC_IMPLICIT_RETAIN_SELF = YES;
				CLANG_WARN_OBJC_LITERAL_CONVERSION = YES;
				CLANG_WARN_OBJC_ROOT_CLASS = YES_ERROR;
				CLANG_WARN_QUOTED_INCLUDE_IN_FRAMEWORK_HEADER = YES;
				CLANG_WARN_RANGE_LOOP_ANALYSIS = YES;
				CLANG_WARN_STRICT_PROTOTYPES = YES;
				CLANG_WARN_SUSPICIOUS_MOVE = YES;
				CLANG_WARN_UNGUARDED_AVAILABILITY = YES_AGGRESSIVE;
				CLANG_WARN_UNREACHABLE_CODE = YES;
				CLANG_WARN__DUPLICATE_METHOD_MATCH = YES;
				COPY_PHASE_STRIP = NO;
				DEBUG_INFORMATION_FORMAT = dwarf;
				ENABLE_STRICT_OBJC_MSGSEND = YES;
				ENABLE_TESTABILITY = YES;
				ENABLE_USER_SCRIPT_SANDBOXING = YES;
				GCC_C_LANGUAGE_STANDARD = gnu17;
				GCC_DYNAMIC_NO_PIC = NO;
				GCC_NO_COMMON_BLOCKS = YES;
				GCC_OPTIMIZATION_LEVEL = 0;
				GCC_PREPROCESSOR_DEFINITIONS = (
					"DEBUG=1",
					"$(inherited)",
				);
				GCC_WARN_64_TO_32_BIT_CONVERSION = YES;
				GCC_WARN_ABOUT_RETURN_TYPE = YES_ERROR;
				GCC_WARN_UNDECLARED_SELECTOR = YES;
				GCC_WARN_UNINITIALIZED_AUTOS = YES_AGGRESSIVE;
				GCC_WARN_UNUSED_FUNCTION = YES;
				GCC_WARN_UNUSED_VARIABLE = YES;
				IPHONEOS_DEPLOYMENT_TARGET = 17.5;
				LOCALIZATION_PREFERS_STRING_CATALOGS = YES;
				MTL_ENABLE_DEBUG_INFO = INCLUDE_SOURCE;
				MTL_FAST_MATH = YES;
				ONLY_ACTIVE_ARCH = YES;
				SDKROOT = iphoneos;
				SWIFT_ACTIVE_COMPILATION_CONDITIONS = "DEBUG $(inherited)";
				SWIFT_OPTIMIZATION_LEVEL = "-Onone";
			};
			name = Debug;
		};
		789F01C02C698ACF0014E5F4 /* Release */ = {
			isa = XCBuildConfiguration;
			buildSettings = {
				ALWAYS_SEARCH_USER_PATHS = NO;
				ASSETCATALOG_COMPILER_GENERATE_SWIFT_ASSET_SYMBOL_EXTENSIONS = YES;
				CLANG_ANALYZER_NONNULL = YES;
				CLANG_ANALYZER_NUMBER_OBJECT_CONVERSION = YES_AGGRESSIVE;
				CLANG_CXX_LANGUAGE_STANDARD = "gnu++20";
				CLANG_ENABLE_MODULES = YES;
				CLANG_ENABLE_OBJC_ARC = YES;
				CLANG_ENABLE_OBJC_WEAK = YES;
				CLANG_WARN_BLOCK_CAPTURE_AUTORELEASING = YES;
				CLANG_WARN_BOOL_CONVERSION = YES;
				CLANG_WARN_COMMA = YES;
				CLANG_WARN_CONSTANT_CONVERSION = YES;
				CLANG_WARN_DEPRECATED_OBJC_IMPLEMENTATIONS = YES;
				CLANG_WARN_DIRECT_OBJC_ISA_USAGE = YES_ERROR;
				CLANG_WARN_DOCUMENTATION_COMMENTS = YES;
				CLANG_WARN_EMPTY_BODY = YES;
				CLANG_WARN_ENUM_CONVERSION = YES;
				CLANG_WARN_INFINITE_RECURSION = YES;
				CLANG_WARN_INT_CONVERSION = YES;
				CLANG_WARN_NON_LITERAL_NULL_CONVERSION = YES;
				CLANG_WARN_OBJC_IMPLICIT_RETAIN_SELF = YES;
				CLANG_WARN_OBJC_LITERAL_CONVERSION = YES;
				CLANG_WARN_OBJC_ROOT_CLASS = YES_ERROR;
				CLANG_WARN_QUOTED_INCLUDE_IN_FRAMEWORK_HEADER = YES;
				CLANG_WARN_RANGE_LOOP_ANALYSIS = YES;
				CLANG_WARN_STRICT_PROTOTYPES = YES;
				CLANG_WARN_SUSPICIOUS_MOVE = YES;
				CLANG_WARN_UNGUARDED_AVAILABILITY = YES_AGGRESSIVE;
				CLANG_WARN_UNREACHABLE_CODE = YES;
				CLANG_WARN__DUPLICATE_METHOD_MATCH = YES;
				COPY_PHASE_STRIP = NO;
				DEBUG_INFORMATION_FORMAT = "dwarf-with-dsym";
				ENABLE_NS_ASSERTIONS = NO;
				ENABLE_STRICT_OBJC_MSGSEND = YES;
				ENABLE_USER_SCRIPT_SANDBOXING = YES;
				GCC_C_LANGUAGE_STANDARD = gnu17;
				GCC_NO_COMMON_BLOCKS = YES;
				GCC_WARN_64_TO_32_BIT_CONVERSION = YES;
				GCC_WARN_ABOUT_RETURN_TYPE = YES_ERROR;
				GCC_WARN_UNDECLARED_SELECTOR = YES;
				GCC_WARN_UNINITIALIZED_AUTOS = YES_AGGRESSIVE;
				GCC_WARN_UNUSED_FUNCTION = YES;
				GCC_WARN_UNUSED_VARIABLE = YES;
				IPHONEOS_DEPLOYMENT_TARGET = 17.5;
				LOCALIZATION_PREFERS_STRING_CATALOGS = YES;
				MTL_ENABLE_DEBUG_INFO = NO;
				MTL_FAST_MATH = YES;
				SDKROOT = iphoneos;
				SWIFT_COMPILATION_MODE = wholemodule;
				VALIDATE_PRODUCT = YES;
			};
			name = Release;
		};
		789F01C22C698ACF0014E5F4 /* Debug */ = {
			isa = XCBuildConfiguration;
			buildSettings = {
				ASSETCATALOG_COMPILER_APPICON_NAME = AppIcon;
				ASSETCATALOG_COMPILER_GLOBAL_ACCENT_COLOR_NAME = AccentColor;
				CODE_SIGN_STYLE = Automatic;
				CURRENT_PROJECT_VERSION = 1;
				GENERATE_INFOPLIST_FILE = YES;
				INFOPLIST_FILE = test7/Info.plist;
				INFOPLIST_KEY_UIApplicationSupportsIndirectInputEvents = YES;
				INFOPLIST_KEY_UILaunchStoryboardName = LaunchScreen;
				INFOPLIST_KEY_UIMainStoryboardFile = Main;
				INFOPLIST_KEY_UISupportedInterfaceOrientations_iPad = "UIInterfaceOrientationPortrait UIInterfaceOrientationPortraitUpsideDown UIInterfaceOrientationLandscapeLeft UIInterfaceOrientationLandscapeRight";
				INFOPLIST_KEY_UISupportedInterfaceOrientations_iPhone = "UIInterfaceOrientationPortrait UIInterfaceOrientationLandscapeLeft UIInterfaceOrientationLandscapeRight";
				LD_RUNPATH_SEARCH_PATHS = (
					"$(inherited)",
					"@executable_path/Frameworks",
				);
				MARKETING_VERSION = 1.0;
				PRODUCT_BUNDLE_IDENTIFIER = "swift-biginner.test7";
				PRODUCT_NAME = "$(TARGET_NAME)";
				SWIFT_EMIT_LOC_STRINGS = YES;
				SWIFT_VERSION = 5.0;
				TARGETED_DEVICE_FAMILY = "1,2";
			};
			name = Debug;
		};
		789F01C32C698ACF0014E5F4 /* Release */ = {
			isa = XCBuildConfiguration;
			buildSettings = {
				ASSETCATALOG_COMPILER_APPICON_NAME = AppIcon;
				ASSETCATALOG_COMPILER_GLOBAL_ACCENT_COLOR_NAME = AccentColor;
				CODE_SIGN_STYLE = Automatic;
				CURRENT_PROJECT_VERSION = 1;
				GENERATE_INFOPLIST_FILE = YES;
				INFOPLIST_FILE = test7/Info.plist;
				INFOPLIST_KEY_UIApplicationSupportsIndirectInputEvents = YES;
				INFOPLIST_KEY_UILaunchStoryboardName = LaunchScreen;
				INFOPLIST_KEY_UIMainStoryboardFile = Main;
				INFOPLIST_KEY_UISupportedInterfaceOrientations_iPad = "UIInterfaceOrientationPortrait UIInterfaceOrientationPortraitUpsideDown UIInterfaceOrientationLandscapeLeft UIInterfaceOrientationLandscapeRight";
				INFOPLIST_KEY_UISupportedInterfaceOrientations_iPhone = "UIInterfaceOrientationPortrait UIInterfaceOrientationLandscapeLeft UIInterfaceOrientationLandscapeRight";
				LD_RUNPATH_SEARCH_PATHS = (
					"$(inherited)",
					"@executable_path/Frameworks",
				);
				MARKETING_VERSION = 1.0;
				PRODUCT_BUNDLE_IDENTIFIER = "swift-biginner.test7";
				PRODUCT_NAME = "$(TARGET_NAME)";
				SWIFT_EMIT_LOC_STRINGS = YES;
				SWIFT_VERSION = 5.0;
				TARGETED_DEVICE_FAMILY = "1,2";
			};
			name = Release;
		};
		789F01C52C698ACF0014E5F4 /* Debug */ = {
			isa = XCBuildConfiguration;
			buildSettings = {
				ALWAYS_EMBED_SWIFT_STANDARD_LIBRARIES = YES;
				BUNDLE_LOADER = "$(TEST_HOST)";
				CODE_SIGN_STYLE = Automatic;
				CURRENT_PROJECT_VERSION = 1;
				GENERATE_INFOPLIST_FILE = YES;
				IPHONEOS_DEPLOYMENT_TARGET = 17.5;
				MARKETING_VERSION = 1.0;
				PRODUCT_BUNDLE_IDENTIFIER = "swift-biginner.test7Tests";
				PRODUCT_NAME = "$(TARGET_NAME)";
				SWIFT_EMIT_LOC_STRINGS = NO;
				SWIFT_VERSION = 5.0;
				TARGETED_DEVICE_FAMILY = "1,2";
				TEST_HOST = "$(BUILT_PRODUCTS_DIR)/test7.app/$(BUNDLE_EXECUTABLE_FOLDER_PATH)/test7";
			};
			name = Debug;
		};
		789F01C62C698ACF0014E5F4 /* Release */ = {
			isa = XCBuildConfiguration;
			buildSettings = {
				ALWAYS_EMBED_SWIFT_STANDARD_LIBRARIES = YES;
				BUNDLE_LOADER = "$(TEST_HOST)";
				CODE_SIGN_STYLE = Automatic;
				CURRENT_PROJECT_VERSION = 1;
				GENERATE_INFOPLIST_FILE = YES;
				IPHONEOS_DEPLOYMENT_TARGET = 17.5;
				MARKETING_VERSION = 1.0;
				PRODUCT_BUNDLE_IDENTIFIER = "swift-biginner.test7Tests";
				PRODUCT_NAME = "$(TARGET_NAME)";
				SWIFT_EMIT_LOC_STRINGS = NO;
				SWIFT_VERSION = 5.0;
				TARGETED_DEVICE_FAMILY = "1,2";
				TEST_HOST = "$(BUILT_PRODUCTS_DIR)/test7.app/$(BUNDLE_EXECUTABLE_FOLDER_PATH)/test7";
			};
			name = Release;
		};
		789F01C82C698ACF0014E5F4 /* Debug */ = {
			isa = XCBuildConfiguration;
			buildSettings = {
				ALWAYS_EMBED_SWIFT_STANDARD_LIBRARIES = YES;
				CODE_SIGN_STYLE = Automatic;
				CURRENT_PROJECT_VERSION = 1;
				GENERATE_INFOPLIST_FILE = YES;
				MARKETING_VERSION = 1.0;
				PRODUCT_BUNDLE_IDENTIFIER = "swift-biginner.test7UITests";
				PRODUCT_NAME = "$(TARGET_NAME)";
				SWIFT_EMIT_LOC_STRINGS = NO;
				SWIFT_VERSION = 5.0;
				TARGETED_DEVICE_FAMILY = "1,2";
				TEST_TARGET_NAME = test7;
			};
			name = Debug;
		};
		789F01C92C698ACF0014E5F4 /* Release */ = {
			isa = XCBuildConfiguration;
			buildSettings = {
				ALWAYS_EMBED_SWIFT_STANDARD_LIBRARIES = YES;
				CODE_SIGN_STYLE = Automatic;
				CURRENT_PROJECT_VERSION = 1;
				GENERATE_INFOPLIST_FILE = YES;
				MARKETING_VERSION = 1.0;
				PRODUCT_BUNDLE_IDENTIFIER = "swift-biginner.test7UITests";
				PRODUCT_NAME = "$(TARGET_NAME)";
				SWIFT_EMIT_LOC_STRINGS = NO;
				SWIFT_VERSION = 5.0;
				TARGETED_DEVICE_FAMILY = "1,2";
				TEST_TARGET_NAME = test7;
			};
			name = Release;
		};
/* End XCBuildConfiguration section */

/* Begin XCConfigurationList section */
		789F01922C698ACE0014E5F4 /* Build configuration list for PBXProject "test7" */ = {
			isa = XCConfigurationList;
			buildConfigurations = (
				789F01BF2C698ACF0014E5F4 /* Debug */,
				789F01C02C698ACF0014E5F4 /* Release */,
			);
			defaultConfigurationIsVisible = 0;
			defaultConfigurationName = Release;
		};
		789F01C12C698ACF0014E5F4 /* Build configuration list for PBXNativeTarget "test7" */ = {
			isa = XCConfigurationList;
			buildConfigurations = (
				789F01C22C698ACF0014E5F4 /* Debug */,
				789F01C32C698ACF0014E5F4 /* Release */,
			);
			defaultConfigurationIsVisible = 0;
			defaultConfigurationName = Release;
		};
		789F01C42C698ACF0014E5F4 /* Build configuration list for PBXNativeTarget "test7Tests" */ = {
			isa = XCConfigurationList;
			buildConfigurations = (
				789F01C52C698ACF0014E5F4 /* Debug */,
				789F01C62C698ACF0014E5F4 /* Release */,
			);
			defaultConfigurationIsVisible = 0;
			defaultConfigurationName = Release;
		};
		789F01C72C698ACF0014E5F4 /* Build configuration list for PBXNativeTarget "test7UITests" */ = {
			isa = XCConfigurationList;
			buildConfigurations = (
				789F01C82C698ACF0014E5F4 /* Debug */,
				789F01C92C698ACF0014E5F4 /* Release */,
			);
			defaultConfigurationIsVisible = 0;
			defaultConfigurationName = Release;
		};
/* End XCConfigurationList section */
	};
	rootObject = 789F018F2C698ACE0014E5F4 /* Project object */;
}
